// !$*UTF8*$!
{
	archiveVersion = 1;
	classes = {
	};
	objectVersion = 50;
	objects = {

/* Begin PBXBuildFile section */
		584DA8E02439520A000C9A0D /* AppDelegate.swift in Sources */ = {isa = PBXBuildFile; fileRef = 584DA8DF2439520A000C9A0D /* AppDelegate.swift */; };
		584DA8E22439520A000C9A0D /* SceneDelegate.swift in Sources */ = {isa = PBXBuildFile; fileRef = 584DA8E12439520A000C9A0D /* SceneDelegate.swift */; };
		584DA8E42439520A000C9A0D /* ViewController.swift in Sources */ = {isa = PBXBuildFile; fileRef = 584DA8E32439520A000C9A0D /* ViewController.swift */; };
		584DA8E72439520A000C9A0D /* Main.storyboard in Resources */ = {isa = PBXBuildFile; fileRef = 584DA8E52439520A000C9A0D /* Main.storyboard */; };
		584DA8E92439520D000C9A0D /* Assets.xcassets in Resources */ = {isa = PBXBuildFile; fileRef = 584DA8E82439520D000C9A0D /* Assets.xcassets */; };
		584DA8EC2439520D000C9A0D /* LaunchScreen.storyboard in Resources */ = {isa = PBXBuildFile; fileRef = 584DA8EA2439520D000C9A0D /* LaunchScreen.storyboard */; };
		584DA8F72439520D000C9A0D /* tippyTests.swift in Sources */ = {isa = PBXBuildFile; fileRef = 584DA8F62439520D000C9A0D /* tippyTests.swift */; };
		584DA9022439520D000C9A0D /* tippyUITests.swift in Sources */ = {isa = PBXBuildFile; fileRef = 584DA9012439520D000C9A0D /* tippyUITests.swift */; };
		584DA91424397807000C9A0D /* SettingsViewController.swift in Sources */ = {isa = PBXBuildFile; fileRef = 584DA91324397807000C9A0D /* SettingsViewController.swift */; };
/* End PBXBuildFile section */

/* Begin PBXContainerItemProxy section */
		584DA8F32439520D000C9A0D /* PBXContainerItemProxy */ = {
			isa = PBXContainerItemProxy;
			containerPortal = 584DA8D42439520A000C9A0D /* Project object */;
			proxyType = 1;
			remoteGlobalIDString = 584DA8DB2439520A000C9A0D;
			remoteInfo = tippy;
		};
		584DA8FE2439520D000C9A0D /* PBXContainerItemProxy */ = {
			isa = PBXContainerItemProxy;
			containerPortal = 584DA8D42439520A000C9A0D /* Project object */;
			proxyType = 1;
			remoteGlobalIDString = 584DA8DB2439520A000C9A0D;
			remoteInfo = tippy;
		};
/* End PBXContainerItemProxy section */

/* Begin PBXFileReference section */
		584DA8DC2439520A000C9A0D /* tippy.app */ = {isa = PBXFileReference; explicitFileType = wrapper.application; includeInIndex = 0; path = tippy.app; sourceTree = BUILT_PRODUCTS_DIR; };
		584DA8DF2439520A000C9A0D /* AppDelegate.swift */ = {isa = PBXFileReference; lastKnownFileType = sourcecode.swift; path = AppDelegate.swift; sourceTree = "<group>"; };
		584DA8E12439520A000C9A0D /* SceneDelegate.swift */ = {isa = PBXFileReference; lastKnownFileType = sourcecode.swift; path = SceneDelegate.swift; sourceTree = "<group>"; };
		584DA8E32439520A000C9A0D /* ViewController.swift */ = {isa = PBXFileReference; lastKnownFileType = sourcecode.swift; path = ViewController.swift; sourceTree = "<group>"; };
		584DA8E62439520A000C9A0D /* Base */ = {isa = PBXFileReference; lastKnownFileType = file.storyboard; name = Base; path = Base.lproj/Main.storyboard; sourceTree = "<group>"; };
		584DA8E82439520D000C9A0D /* Assets.xcassets */ = {isa = PBXFileReference; lastKnownFileType = folder.assetcatalog; path = Assets.xcassets; sourceTree = "<group>"; };
		584DA8EB2439520D000C9A0D /* Base */ = {isa = PBXFileReference; lastKnownFileType = file.storyboard; name = Base; path = Base.lproj/LaunchScreen.storyboard; sourceTree = "<group>"; };
		584DA8ED2439520D000C9A0D /* Info.plist */ = {isa = PBXFileReference; lastKnownFileType = text.plist.xml; path = Info.plist; sourceTree = "<group>"; };
		584DA8F22439520D000C9A0D /* tippyTests.xctest */ = {isa = PBXFileReference; explicitFileType = wrapper.cfbundle; includeInIndex = 0; path = tippyTests.xctest; sourceTree = BUILT_PRODUCTS_DIR; };
		584DA8F62439520D000C9A0D /* tippyTests.swift */ = {isa = PBXFileReference; lastKnownFileType = sourcecode.swift; path = tippyTests.swift; sourceTree = "<group>"; };
		584DA8F82439520D000C9A0D /* Info.plist */ = {isa = PBXFileReference; lastKnownFileType = text.plist.xml; path = Info.plist; sourceTree = "<group>"; };
		584DA8FD2439520D000C9A0D /* tippyUITests.xctest */ = {isa = PBXFileReference; explicitFileType = wrapper.cfbundle; includeInIndex = 0; path = tippyUITests.xctest; sourceTree = BUILT_PRODUCTS_DIR; };
		584DA9012439520D000C9A0D /* tippyUITests.swift */ = {isa = PBXFileReference; lastKnownFileType = sourcecode.swift; path = tippyUITests.swift; sourceTree = "<group>"; };
		584DA9032439520D000C9A0D /* Info.plist */ = {isa = PBXFileReference; lastKnownFileType = text.plist.xml; path = Info.plist; sourceTree = "<group>"; };
		584DA91324397807000C9A0D /* SettingsViewController.swift */ = {isa = PBXFileReference; lastKnownFileType = sourcecode.swift; name = SettingsViewController.swift; path = ../SettingsViewController.swift; sourceTree = "<group>"; };
/* End PBXFileReference section */

/* Begin PBXFrameworksBuildPhase section */
		584DA8D92439520A000C9A0D /* Frameworks */ = {
			isa = PBXFrameworksBuildPhase;
			buildActionMask = 2147483647;
			files = (
			);
			runOnlyForDeploymentPostprocessing = 0;
		};
		584DA8EF2439520D000C9A0D /* Frameworks */ = {
			isa = PBXFrameworksBuildPhase;
			buildActionMask = 2147483647;
			files = (
			);
			runOnlyForDeploymentPostprocessing = 0;
		};
		584DA8FA2439520D000C9A0D /* Frameworks */ = {
			isa = PBXFrameworksBuildPhase;
			buildActionMask = 2147483647;
			files = (
			);
			runOnlyForDeploymentPostprocessing = 0;
		};
/* End PBXFrameworksBuildPhase section */

/* Begin PBXGroup section */
		584DA8D32439520A000C9A0D = {
			isa = PBXGroup;
			children = (
				584DA8DE2439520A000C9A0D /* tippy */,
				584DA8F52439520D000C9A0D /* tippyTests */,
				584DA9002439520D000C9A0D /* tippyUITests */,
				584DA8DD2439520A000C9A0D /* Products */,
			);
			sourceTree = "<group>";
		};
		584DA8DD2439520A000C9A0D /* Products */ = {
			isa = PBXGroup;
			children = (
				584DA8DC2439520A000C9A0D /* tippy.app */,
				584DA8F22439520D000C9A0D /* tippyTests.xctest */,
				584DA8FD2439520D000C9A0D /* tippyUITests.xctest */,
			);
			name = Products;
			sourceTree = "<group>";
		};
		584DA8DE2439520A000C9A0D /* tippy */ = {
			isa = PBXGroup;
			children = (
				584DA91324397807000C9A0D /* SettingsViewController.swift */,
				584DA8DF2439520A000C9A0D /* AppDelegate.swift */,
				584DA8E12439520A000C9A0D /* SceneDelegate.swift */,
				584DA8E32439520A000C9A0D /* ViewController.swift */,
				584DA8E52439520A000C9A0D /* Main.storyboard */,
				584DA8E82439520D000C9A0D /* Assets.xcassets */,
				584DA8EA2439520D000C9A0D /* LaunchScreen.storyboard */,
				584DA8ED2439520D000C9A0D /* Info.plist */,
			);
			path = tippy;
			sourceTree = "<group>";
		};
		584DA8F52439520D000C9A0D /* tippyTests */ = {
			isa = PBXGroup;
			children = (
				584DA8F62439520D000C9A0D /* tippyTests.swift */,
				584DA8F82439520D000C9A0D /* Info.plist */,
			);
			path = tippyTests;
			sourceTree = "<group>";
		};
		584DA9002439520D000C9A0D /* tippyUITests */ = {
			isa = PBXGroup;
			children = (
				584DA9012439520D000C9A0D /* tippyUITests.swift */,
				584DA9032439520D000C9A0D /* Info.plist */,
			);
			path = tippyUITests;
			sourceTree = "<group>";
		};
/* End PBXGroup section */

/* Begin PBXNativeTarget section */
		584DA8DB2439520A000C9A0D /* tippy */ = {
			isa = PBXNativeTarget;
			buildConfigurationList = 584DA9062439520D000C9A0D /* Build configuration list for PBXNativeTarget "tippy" */;
			buildPhases = (
				584DA8D82439520A000C9A0D /* Sources */,
				584DA8D92439520A000C9A0D /* Frameworks */,
				584DA8DA2439520A000C9A0D /* Resources */,
			);
			buildRules = (
			);
			dependencies = (
			);
			name = tippy;
			productName = tippy;
			productReference = 584DA8DC2439520A000C9A0D /* tippy.app */;
			productType = "com.apple.product-type.application";
		};
		584DA8F12439520D000C9A0D /* tippyTests */ = {
			isa = PBXNativeTarget;
			buildConfigurationList = 584DA9092439520D000C9A0D /* Build configuration list for PBXNativeTarget "tippyTests" */;
			buildPhases = (
				584DA8EE2439520D000C9A0D /* Sources */,
				584DA8EF2439520D000C9A0D /* Frameworks */,
				584DA8F02439520D000C9A0D /* Resources */,
			);
			buildRules = (
			);
			dependencies = (
				584DA8F42439520D000C9A0D /* PBXTargetDependency */,
			);
			name = tippyTests;
			productName = tippyTests;
			productReference = 584DA8F22439520D000C9A0D /* tippyTests.xctest */;
			productType = "com.apple.product-type.bundle.unit-test";
		};
		584DA8FC2439520D000C9A0D /* tippyUITests */ = {
			isa = PBXNativeTarget;
			buildConfigurationList = 584DA90C2439520D000C9A0D /* Build configuration list for PBXNativeTarget "tippyUITests" */;
			buildPhases = (
				584DA8F92439520D000C9A0D /* Sources */,
				584DA8FA2439520D000C9A0D /* Frameworks */,
				584DA8FB2439520D000C9A0D /* Resources */,
			);
			buildRules = (
			);
			dependencies = (
				584DA8FF2439520D000C9A0D /* PBXTargetDependency */,
			);
			name = tippyUITests;
			productName = tippyUITests;
			productReference = 584DA8FD2439520D000C9A0D /* tippyUITests.xctest */;
			productType = "com.apple.product-type.bundle.ui-testing";
		};
/* End PBXNativeTarget section */

/* Begin PBXProject section */
		584DA8D42439520A000C9A0D /* Project object */ = {
			isa = PBXProject;
			attributes = {
				LastSwiftUpdateCheck = 1140;
				LastUpgradeCheck = 1140;
				ORGANIZATIONNAME = "Maha Malik";
				TargetAttributes = {
					584DA8DB2439520A000C9A0D = {
						CreatedOnToolsVersion = 11.4;
					};
					584DA8F12439520D000C9A0D = {
						CreatedOnToolsVersion = 11.4;
						TestTargetID = 584DA8DB2439520A000C9A0D;
					};
					584DA8FC2439520D000C9A0D = {
						CreatedOnToolsVersion = 11.4;
						TestTargetID = 584DA8DB2439520A000C9A0D;
					};
				};
			};
			buildConfigurationList = 584DA8D72439520A000C9A0D /* Build configuration list for PBXProject "tippy" */;
			compatibilityVersion = "Xcode 9.3";
			developmentRegion = en;
			hasScannedForEncodings = 0;
			knownRegions = (
				en,
				Base,
			);
			mainGroup = 584DA8D32439520A000C9A0D;
			productRefGroup = 584DA8DD2439520A000C9A0D /* Products */;
			projectDirPath = "";
			projectRoot = "";
			targets = (
				584DA8DB2439520A000C9A0D /* tippy */,
				584DA8F12439520D000C9A0D /* tippyTests */,
				584DA8FC2439520D000C9A0D /* tippyUITests */,
			);
		};
/* End PBXProject section */

/* Begin PBXResourcesBuildPhase section */
		584DA8DA2439520A000C9A0D /* Resources */ = {
			isa = PBXResourcesBuildPhase;
			buildActionMask = 2147483647;
			files = (
				584DA8EC2439520D000C9A0D /* LaunchScreen.storyboard in Resources */,
				584DA8E92439520D000C9A0D /* Assets.xcassets in Resources */,
				584DA8E72439520A000C9A0D /* Main.storyboard in Resources */,
			);
			runOnlyForDeploymentPostprocessing = 0;
		};
		584DA8F02439520D000C9A0D /* Resources */ = {
			isa = PBXResourcesBuildPhase;
			buildActionMask = 2147483647;
			files = (
			);
			runOnlyForDeploymentPostprocessing = 0;
		};
		584DA8FB2439520D000C9A0D /* Resources */ = {
			isa = PBXResourcesBuildPhase;
			buildActionMask = 2147483647;
			files = (
			);
			runOnlyForDeploymentPostprocessing = 0;
		};
/* End PBXResourcesBuildPhase section */

/* Begin PBXSourcesBuildPhase section */
		584DA8D82439520A000C9A0D /* Sources */ = {
			isa = PBXSourcesBuildPhase;
			buildActionMask = 2147483647;
			files = (
				584DA8E42439520A000C9A0D /* ViewController.swift in Sources */,
				584DA8E02439520A000C9A0D /* AppDelegate.swift in Sources */,
				584DA8E22439520A000C9A0D /* SceneDelegate.swift in Sources */,
				584DA91424397807000C9A0D /* SettingsViewController.swift in Sources */,
			);
			runOnlyForDeploymentPostprocessing = 0;
		};
		584DA8EE2439520D000C9A0D /* Sources */ = {
			isa = PBXSourcesBuildPhase;
			buildActionMask = 2147483647;
			files = (
				584DA8F72439520D000C9A0D /* tippyTests.swift in Sources */,
			);
			runOnlyForDeploymentPostprocessing = 0;
		};
		584DA8F92439520D000C9A0D /* Sources */ = {
			isa = PBXSourcesBuildPhase;
			buildActionMask = 2147483647;
			files = (
				584DA9022439520D000C9A0D /* tippyUITests.swift in Sources */,
			);
			runOnlyForDeploymentPostprocessing = 0;
		};
/* End PBXSourcesBuildPhase section */

/* Begin PBXTargetDependency section */
		584DA8F42439520D000C9A0D /* PBXTargetDependency */ = {
			isa = PBXTargetDependency;
			target = 584DA8DB2439520A000C9A0D /* tippy */;
			targetProxy = 584DA8F32439520D000C9A0D /* PBXContainerItemProxy */;
		};
		584DA8FF2439520D000C9A0D /* PBXTargetDependency */ = {
			isa = PBXTargetDependency;
			target = 584DA8DB2439520A000C9A0D /* tippy */;
			targetProxy = 584DA8FE2439520D000C9A0D /* PBXContainerItemProxy */;
		};
/* End PBXTargetDependency section */

/* Begin PBXVariantGroup section */
		584DA8E52439520A000C9A0D /* Main.storyboard */ = {
			isa = PBXVariantGroup;
			children = (
				584DA8E62439520A000C9A0D /* Base */,
			);
			name = Main.storyboard;
			sourceTree = "<group>";
		};
		584DA8EA2439520D000C9A0D /* LaunchScreen.storyboard */ = {
			isa = PBXVariantGroup;
			children = (
				584DA8EB2439520D000C9A0D /* Base */,
			);
			name = LaunchScreen.storyboard;
			sourceTree = "<group>";
		};
/* End PBXVariantGroup section */

/* Begin XCBuildConfiguration section */
		584DA9042439520D000C9A0D /* Debug */ = {
			isa = XCBuildConfiguration;
			buildSettings = {
				ALWAYS_SEARCH_USER_PATHS = NO;
				CLANG_ANALYZER_NONNULL = YES;
				CLANG_ANALYZER_NUMBER_OBJECT_CONVERSION = YES_AGGRESSIVE;
				CLANG_CXX_LANGUAGE_STANDARD = "gnu++14";
				CLANG_CXX_LIBRARY = "libc++";
				CLANG_ENABLE_MODULES = YES;
				CLANG_ENABLE_OBJC_ARC = YES;
				CLANG_ENABLE_OBJC_WEAK = YES;
				CLANG_WARN_BLOCK_CAPTURE_AUTORELEASING = YES;
				CLANG_WARN_BOOL_CONVERSION = YES;
				CLANG_WARN_COMMA = YES;
				CLANG_WARN_CONSTANT_CONVERSION = YES;
				CLANG_WARN_DEPRECATED_OBJC_IMPLEMENTATIONS = YES;
				CLANG_WARN_DIRECT_OBJC_ISA_USAGE = YES_ERROR;
				CLANG_WARN_DOCUMENTATION_COMMENTS = YES;
				CLANG_WARN_EMPTY_BODY = YES;
				CLANG_WARN_ENUM_CONVERSION = YES;
				CLANG_WARN_INFINITE_RECURSION = YES;
				CLANG_WARN_INT_CONVERSION = YES;
				CLANG_WARN_NON_LITERAL_NULL_CONVERSION = YES;
				CLANG_WARN_OBJC_IMPLICIT_RETAIN_SELF = YES;
				CLANG_WARN_OBJC_LITERAL_CONVERSION = YES;
				CLANG_WARN_OBJC_ROOT_CLASS = YES_ERROR;
				CLANG_WARN_RANGE_LOOP_ANALYSIS = YES;
				CLANG_WARN_STRICT_PROTOTYPES = YES;
				CLANG_WARN_SUSPICIOUS_MOVE = YES;
				CLANG_WARN_UNGUARDED_AVAILABILITY = YES_AGGRESSIVE;
				CLANG_WARN_UNREACHABLE_CODE = YES;
				CLANG_WARN__DUPLICATE_METHOD_MATCH = YES;
				COPY_PHASE_STRIP = NO;
				DEBUG_INFORMATION_FORMAT = dwarf;
				ENABLE_STRICT_OBJC_MSGSEND = YES;
				ENABLE_TESTABILITY = YES;
				GCC_C_LANGUAGE_STANDARD = gnu11;
				GCC_DYNAMIC_NO_PIC = NO;
				GCC_NO_COMMON_BLOCKS = YES;
				GCC_OPTIMIZATION_LEVEL = 0;
				GCC_PREPROCESSOR_DEFINITIONS = (
					"DEBUG=1",
					"$(inherited)",
				);
				GCC_WARN_64_TO_32_BIT_CONVERSION = YES;
				GCC_WARN_ABOUT_RETURN_TYPE = YES_ERROR;
				GCC_WARN_UNDECLARED_SELECTOR = YES;
				GCC_WARN_UNINITIALIZED_AUTOS = YES_AGGRESSIVE;
				GCC_WARN_UNUSED_FUNCTION = YES;
				GCC_WARN_UNUSED_VARIABLE = YES;
				IPHONEOS_DEPLOYMENT_TARGET = 13.4;
				MTL_ENABLE_DEBUG_INFO = INCLUDE_SOURCE;
				MTL_FAST_MATH = YES;
				ONLY_ACTIVE_ARCH = YES;
				SDKROOT = iphoneos;
				SWIFT_ACTIVE_COMPILATION_CONDITIONS = DEBUG;
				SWIFT_OPTIMIZATION_LEVEL = "-Onone";
			};
			name = Debug;
		};
		584DA9052439520D000C9A0D /* Release */ = {
			isa = XCBuildConfiguration;
			buildSettings = {
				ALWAYS_SEARCH_USER_PATHS = NO;
				CLANG_ANALYZER_NONNULL = YES;
				CLANG_ANALYZER_NUMBER_OBJECT_CONVERSION = YES_AGGRESSIVE;
				CLANG_CXX_LANGUAGE_STANDARD = "gnu++14";
				CLANG_CXX_LIBRARY = "libc++";
				CLANG_ENABLE_MODULES = YES;
				CLANG_ENABLE_OBJC_ARC = YES;
				CLANG_ENABLE_OBJC_WEAK = YES;
				CLANG_WARN_BLOCK_CAPTURE_AUTORELEASING = YES;
				CLANG_WARN_BOOL_CONVERSION = YES;
				CLANG_WARN_COMMA = YES;
				CLANG_WARN_CONSTANT_CONVERSION = YES;
				CLANG_WARN_DEPRECATED_OBJC_IMPLEMENTATIONS = YES;
				CLANG_WARN_DIRECT_OBJC_ISA_USAGE = YES_ERROR;
				CLANG_WARN_DOCUMENTATION_COMMENTS = YES;
				CLANG_WARN_EMPTY_BODY = YES;
				CLANG_WARN_ENUM_CONVERSION = YES;
				CLANG_WARN_INFINITE_RECURSION = YES;
				CLANG_WARN_INT_CONVERSION = YES;
				CLANG_WARN_NON_LITERAL_NULL_CONVERSION = YES;
				CLANG_WARN_OBJC_IMPLICIT_RETAIN_SELF = YES;
				CLANG_WARN_OBJC_LITERAL_CONVERSION = YES;
				CLANG_WARN_OBJC_ROOT_CLASS = YES_ERROR;
				CLANG_WARN_RANGE_LOOP_ANALYSIS = YES;
				CLANG_WARN_STRICT_PROTOTYPES = YES;
				CLANG_WARN_SUSPICIOUS_MOVE = YES;
				CLANG_WARN_UNGUARDED_AVAILABILITY = YES_AGGRESSIVE;
				CLANG_WARN_UNREACHABLE_CODE = YES;
				CLANG_WARN__DUPLICATE_METHOD_MATCH = YES;
				COPY_PHASE_STRIP = NO;
				DEBUG_INFORMATION_FORMAT = "dwarf-with-dsym";
				ENABLE_NS_ASSERTIONS = NO;
				ENABLE_STRICT_OBJC_MSGSEND = YES;
				GCC_C_LANGUAGE_STANDARD = gnu11;
				GCC_NO_COMMON_BLOCKS = YES;
				GCC_WARN_64_TO_32_BIT_CONVERSION = YES;
				GCC_WARN_ABOUT_RETURN_TYPE = YES_ERROR;
				GCC_WARN_UNDECLARED_SELECTOR = YES;
				GCC_WARN_UNINITIALIZED_AUTOS = YES_AGGRESSIVE;
				GCC_WARN_UNUSED_FUNCTION = YES;
				GCC_WARN_UNUSED_VARIABLE = YES;
				IPHONEOS_DEPLOYMENT_TARGET = 13.4;
				MTL_ENABLE_DEBUG_INFO = NO;
				MTL_FAST_MATH = YES;
				SDKROOT = iphoneos;
				SWIFT_COMPILATION_MODE = wholemodule;
				SWIFT_OPTIMIZATION_LEVEL = "-O";
				VALIDATE_PRODUCT = YES;
			};
			name = Release;
		};
		584DA9072439520D000C9A0D /* Debug */ = {
			isa = XCBuildConfiguration;
			buildSettings = {
				ASSETCATALOG_COMPILER_APPICON_NAME = AppIcon;
				CODE_SIGN_STYLE = Automatic;
				INFOPLIST_FILE = tippy/Info.plist;
				LD_RUNPATH_SEARCH_PATHS = (
					"$(inherited)",
					"@executable_path/Frameworks",
				);
				PRODUCT_BUNDLE_IDENTIFIER = com.mahamalik.tippy;
				PRODUCT_NAME = "$(TARGET_NAME)";
				SWIFT_VERSION = 5.0;
				TARGETED_DEVICE_FAMILY = "1,2";
			};
			name = Debug;
		};
		584DA9082439520D000C9A0D /* Release */ = {
			isa = XCBuildConfiguration;
			buildSettings = {
				ASSETCATALOG_COMPILER_APPICON_NAME = AppIcon;
				CODE_SIGN_STYLE = Automatic;
				INFOPLIST_FILE = tippy/Info.plist;
				LD_RUNPATH_SEARCH_PATHS = (
					"$(inherited)",
					"@executable_path/Frameworks",
				);
				PRODUCT_BUNDLE_IDENTIFIER = com.mahamalik.tippy;
				PRODUCT_NAME = "$(TARGET_NAME)";
				SWIFT_VERSION = 5.0;
				TARGETED_DEVICE_FAMILY = "1,2";
			};
			name = Release;
		};
		584DA90A2439520D000C9A0D /* Debug */ = {
			isa = XCBuildConfiguration;
			buildSettings = {
				ALWAYS_EMBED_SWIFT_STANDARD_LIBRARIES = YES;
				BUNDLE_LOADER = "$(TEST_HOST)";
				CODE_SIGN_STYLE = Automatic;
				INFOPLIST_FILE = tippyTests/Info.plist;
				IPHONEOS_DEPLOYMENT_TARGET = 13.4;
				LD_RUNPATH_SEARCH_PATHS = (
					"$(inherited)",
					"@executable_path/Frameworks",
					"@loader_path/Frameworks",
				);
				PRODUCT_BUNDLE_IDENTIFIER = com.mahamalik.tippyTests;
				PRODUCT_NAME = "$(TARGET_NAME)";
				SWIFT_VERSION = 5.0;
				TARGETED_DEVICE_FAMILY = "1,2";
				TEST_HOST = "$(BUILT_PRODUCTS_DIR)/tippy.app/tippy";
			};
			name = Debug;
		};
		584DA90B2439520D000C9A0D /* Release */ = {
			isa = XCBuildConfiguration;
			buildSettings = {
				ALWAYS_EMBED_SWIFT_STANDARD_LIBRARIES = YES;
				BUNDLE_LOADER = "$(TEST_HOST)";
				CODE_SIGN_STYLE = Automatic;
				INFOPLIST_FILE = tippyTests/Info.plist;
				IPHONEOS_DEPLOYMENT_TARGET = 13.4;
				LD_RUNPATH_SEARCH_PATHS = (
					"$(inherited)",
					"@executable_path/Frameworks",
					"@loader_path/Frameworks",
				);
				PRODUCT_BUNDLE_IDENTIFIER = com.mahamalik.tippyTests;
				PRODUCT_NAME = "$(TARGET_NAME)";
				SWIFT_VERSION = 5.0;
				TARGETED_DEVICE_FAMILY = "1,2";
				TEST_HOST = "$(BUILT_PRODUCTS_DIR)/tippy.app/tippy";
			};
			name = Release;
		};
		584DA90D2439520D000C9A0D /* Debug */ = {
			isa = XCBuildConfiguration;
			buildSettings = {
				ALWAYS_EMBED_SWIFT_STANDARD_LIBRARIES = YES;
				CODE_SIGN_STYLE = Automatic;
				INFOPLIST_FILE = tippyUITests/Info.plist;
				LD_RUNPATH_SEARCH_PATHS = (
					"$(inherited)",
					"@executable_path/Frameworks",
					"@loader_path/Frameworks",
				);
				PRODUCT_BUNDLE_IDENTIFIER = com.mahamalik.tippyUITests;
				PRODUCT_NAME = "$(TARGET_NAME)";
				SWIFT_VERSION = 5.0;
				TARGETED_DEVICE_FAMILY = "1,2";
				TEST_TARGET_NAME = tippy;
			};
			name = Debug;
		};
		584DA90E2439520D000C9A0D /* Release */ = {
			isa = XCBuildConfiguration;
			buildSettings = {
				ALWAYS_EMBED_SWIFT_STANDARD_LIBRARIES = YES;
				CODE_SIGN_STYLE = Automatic;
				INFOPLIST_FILE = tippyUITests/Info.plist;
				LD_RUNPATH_SEARCH_PATHS = (
					"$(inherited)",
					"@executable_path/Frameworks",
					"@loader_path/Frameworks",
				);
				PRODUCT_BUNDLE_IDENTIFIER = com.mahamalik.tippyUITests;
				PRODUCT_NAME = "$(TARGET_NAME)";
				SWIFT_VERSION = 5.0;
				TARGETED_DEVICE_FAMILY = "1,2";
				TEST_TARGET_NAME = tippy;
			};
			name = Release;
		};
/* End XCBuildConfiguration section */

/* Begin XCConfigurationList section */
		584DA8D72439520A000C9A0D /* Build configuration list for PBXProject "tippy" */ = {
			isa = XCConfigurationList;
			buildConfigurations = (
				584DA9042439520D000C9A0D /* Debug */,
				584DA9052439520D000C9A0D /* Release */,
			);
			defaultConfigurationIsVisible = 0;
			defaultConfigurationName = Release;
		};
		584DA9062439520D000C9A0D /* Build configuration list for PBXNativeTarget "tippy" */ = {
			isa = XCConfigurationList;
			buildConfigurations = (
				584DA9072439520D000C9A0D /* Debug */,
				584DA9082439520D000C9A0D /* Release */,
			);
			defaultConfigurationIsVisible = 0;
			defaultConfigurationName = Release;
		};
		584DA9092439520D000C9A0D /* Build configuration list for PBXNativeTarget "tippyTests" */ = {
			isa = XCConfigurationList;
			buildConfigurations = (
				584DA90A2439520D000C9A0D /* Debug */,
				584DA90B2439520D000C9A0D /* Release */,
			);
			defaultConfigurationIsVisible = 0;
			defaultConfigurationName = Release;
		};
		584DA90C2439520D000C9A0D /* Build configuration list for PBXNativeTarget "tippyUITests" */ = {
			isa = XCConfigurationList;
			buildConfigurations = (
				584DA90D2439520D000C9A0D /* Debug */,
				584DA90E2439520D000C9A0D /* Release */,
			);
			defaultConfigurationIsVisible = 0;
			defaultConfigurationName = Release;
		};
/* End XCConfigurationList section */
	};
	rootObject = 584DA8D42439520A000C9A0D /* Project object */;
}
